{
  "object": {
    "pins": [
      {
        "package": "DialogKit",
        "repositoryURL": "https://github.com/RickStreet/DialogKit.git",
        "state": {
          "branch": null,
          "revision": "ba5c368ade6f845124643754a068c4e685040a21",
          "version": "1.0.8"
        }
      },
      {
        "package": "DoubleKit",
        "repositoryURL": "https://github.com/RickStreet/DoubleKit.git",
        "state": {
          "branch": null,
          "revision": "4f74057aec64b4ef8a4aa9bc0cc564f7a0b2d14d",
          "version": "1.0.6"
        }
      },
      {
        "package": "FileKit",
        "repositoryURL": "https://github.com/RickStreet/FileKit.git",
        "state": {
          "branch": null,
          "revision": "a4527407fabda034484637b5e2039bf477c42509",
          "version": "1.1.34"
        }
      },
      {
        "package": "StringKit",
        "repositoryURL": "https://github.com/RickStreet/StringKit.git",
        "state": {
          "branch": null,
          "revision": "223efd43358e1fbfe2b05e8cdede837d3a7ae00c",
          "version": "1.0.25"
        }
      }
    ]
  },
  "version": 1
}
