{
  "object": {
    "pins": [
      {
        "package": "DialogKit",
        "repositoryURL": "https://github.com/RickStreet/DialogKit.git",
        "state": {
          "branch": null,
          "revision": "fa7b38eca28cec2b9f2cfda32310618e4822ec60",
          "version": "2.0.0"
        }
      },
      {
        "package": "DoubleKit",
        "repositoryURL": "https://github.com/RickStreet/DoubleKit.git",
        "state": {
          "branch": null,
          "revision": "f999726f0044cb9027ce418b42880dc4d2274f41",
          "version": "1.0.7"
        }
      },
      {
        "package": "NSStringKit",
        "repositoryURL": "https://github.com/RickStreet/NSStringKit.git",
        "state": {
          "branch": null,
          "revision": "b13960de77a5419c1b828e9cd4c040b883e21025",
          "version": "1.0.5"
        }
      },
      {
        "package": "StringKit",
        "repositoryURL": "https://github.com/RickStreet/StringKit.git",
        "state": {
          "branch": null,
          "revision": "54755f47280de670a20bb5fa99f2ea065f410b70",
          "version": "1.0.46"
        }
      }
    ]
  },
  "version": 1
}
