{
  "object": {
    "pins": [
      {
        "package": "DialogKit",
        "repositoryURL": "https://github.com/RickStreet/DialogKit.git",
        "state": {
          "branch": null,
          "revision": "ed00d4f60083f48d8dfed6898bb4a6a1c829e0c4",
          "version": "1.0.2"
        }
      },
      {
        "package": "StringKit",
        "repositoryURL": "https://github.com/RickStreet/StringKit.git",
        "state": {
          "branch": null,
          "revision": "b57d626b870f0fa863b0f0a60e70b39bd81db8bf",
          "version": "1.0.5"
        }
      }
    ]
  },
  "version": 1
}
